
Microsoft Visual Studio Solution File, Format Version 12.00
# Visual Studio 15
VisualStudioVersion = 15.0.28010.2046
MinimumVisualStudioVersion = 10.0.40219.1
Project("{FAE04EC0-301F-11D3-BF4B-00C04F79EFBC}") = "Esercizio_11", "Esercizio_11\Esercizio_11.csproj", "{D2C4EB1F-EA61-4816-9636-7049DCEF28B1}"
EndProject
Global
	GlobalSection(SolutionConfigurationPlatforms) = preSolution
		Debug|Any CPU = Debug|Any CPU
		Release|Any CPU = Release|Any CPU
	EndGlobalSection
	GlobalSection(ProjectConfigurationPlatforms) = postSolution
		{D2C4EB1F-EA61-4816-9636-7049DCEF28B1}.Debug|Any CPU.ActiveCfg = Debug|Any CPU
		{D2C4EB1F-EA61-4816-9636-7049DCEF28B1}.Debug|Any CPU.Build.0 = Debug|Any CPU
		{D2C4EB1F-EA61-4816-9636-7049DCEF28B1}.Release|Any CPU.ActiveCfg = Release|Any CPU
		{D2C4EB1F-EA61-4816-9636-7049DCEF28B1}.Release|Any CPU.Build.0 = Release|Any CPU
	EndGlobalSection
	GlobalSection(SolutionProperties) = preSolution
		HideSolutionNode = FALSE
	EndGlobalSection
	GlobalSection(ExtensibilityGlobals) = postSolution
		SolutionGuid = {12540FF1-E4FF-43CB-ADBE-9A41DF932F05}
	EndGlobalSection
EndGlobal
